PODS:
  - KRActivityIndicatorView (3.0.4)
  - KRProgressHUD (3.4.4):
    - KRActivityIndicatorView (= 3.0.4)
  - Realm (3.19.1):
    - Realm/Headers (= 3.19.1)
  - Realm/Headers (3.19.1)
  - RealmSwift (3.19.1):
    - Realm (= 3.19.1)
  - SwiftLint (0.35.0)

DEPENDENCIES:
  - KRProgressHUD (~> 3.4.4)
  - RealmSwift (~> 3.19.0)
  - SwiftLint (~> 0.35.0)

SPEC REPOS:
  trunk:
    - KRActivityIndicatorView
    - KRProgressHUD
    - Realm
    - RealmSwift
    - SwiftLint

SPEC CHECKSUMS:
  KRActivityIndicatorView: 549db10b9578d58bac73db063d8b544e8970f7f2
  KRProgressHUD: c3b9a48a0ee4824ea13212ac3f1efa50dca021e3
  Realm: fb377747e694c7deb62d402400454134fe321bee
  RealmSwift: 1302b0ab60f3105a2b214a735eeb0938607cf16b
  SwiftLint: 5553187048b900c91aa03552807681bb6b027846

PODFILE CHECKSUM: c67d7e48a2654e3bde4791ce08b4d0b94daa57fc

COCOAPODS: 1.8.4
