PODS:
  - Realm (3.7.4):
    - Realm/Headers (= 3.7.4)
  - Realm/Headers (3.7.4)
  - RealmSwift (3.7.4):
    - Realm (= 3.7.4)
  - Result (4.1.0)
  - SwiftLint (0.26.0)

DEPENDENCIES:
  - RealmSwift (~> 3.7.4)
  - Result (~> 4.1.0)
  - SwiftLint (~> 0.26.0)

SPEC REPOS:
  https://github.com/cocoapods/specs.git:
    - Realm
    - RealmSwift
    - Result
    - SwiftLint

SPEC CHECKSUMS:
  Realm: a469bb59e33f9926102ccaea4349822c53b9117e
  RealmSwift: a45861b21c180f5cf0f122144b9759fa8dde3e9e
  Result: bd966fac789cc6c1563440b348ab2598cc24d5c7
  SwiftLint: f6b83e8d95ee1e91e11932d843af4fdcbf3fc764

PODFILE CHECKSUM: 096823dc502b69cbd064bc653aaf9d26392c57bb

COCOAPODS: 1.5.3
